
Microsoft Visual Studio Solution File, Format Version 12.00
# Visual Studio Version 16
VisualStudioVersion = 16.0.30204.135
MinimumVisualStudioVersion = 10.0.40219.1
Project("{9A19103F-16F7-4668-BE54-9A1E7A4F7556}") = "AnimePomodoro", "AnimePomodoro.csproj", "{32942DD2-66FC-4EB1-A1DE-E91D1E8B9BCB}"
EndProject
Project("{2150E333-8FDC-42A3-9474-1A3956D46DE8}") = "Solution Items", "Solution Items", "{5A827598-B166-4596-AFF8-61833D150604}"
	ProjectSection(SolutionItems) = preProject
		.nojekyll = .nojekyll
	EndProjectSection
EndProject
Global
	GlobalSection(SolutionConfigurationPlatforms) = preSolution
		Debug|Any CPU = Debug|Any CPU
		Release|Any CPU = Release|Any CPU
	EndGlobalSection
	GlobalSection(ProjectConfigurationPlatforms) = postSolution
		{32942DD2-66FC-4EB1-A1DE-E91D1E8B9BCB}.Debug|Any CPU.ActiveCfg = Debug|Any CPU
		{32942DD2-66FC-4EB1-A1DE-E91D1E8B9BCB}.Debug|Any CPU.Build.0 = Debug|Any CPU
		{32942DD2-66FC-4EB1-A1DE-E91D1E8B9BCB}.Release|Any CPU.ActiveCfg = Release|Any CPU
		{32942DD2-66FC-4EB1-A1DE-E91D1E8B9BCB}.Release|Any CPU.Build.0 = Release|Any CPU
	EndGlobalSection
	GlobalSection(SolutionProperties) = preSolution
		HideSolutionNode = FALSE
	EndGlobalSection
	GlobalSection(ExtensibilityGlobals) = postSolution
		SolutionGuid = {30FC12F0-66BE-4F5E-9B94-1E9C81669260}
	EndGlobalSection
EndGlobal
